
Microsoft Visual Studio Solution File, Format Version 12.00
# Visual Studio 14
VisualStudioVersion = 14.0.25123.0
MinimumVisualStudioVersion = 10.0.40219.1
Project("{FAE04EC0-301F-11D3-BF4B-00C04F79EFBC}") = "Xamarin.GpsDemo.Droid", "Xamarin.GpsDemo\Xamarin.GpsDemo.Droid\Xamarin.GpsDemo.Droid.csproj", "{4D23BBF7-43B8-4A11-9FC6-C46E7FFF671B}"
EndProject
Project("{FAE04EC0-301F-11D3-BF4B-00C04F79EFBC}") = "Xamarin.GpsDemo.iOS", "Xamarin.GpsDemo\Xamarin.GpsDemo.iOS\Xamarin.GpsDemo.iOS.csproj", "{1E99C29F-DA43-4D6B-B92D-D91D7EA73372}"
EndProject
Project("{FAE04EC0-301F-11D3-BF4B-00C04F79EFBC}") = "Xamarin.GpsDemo.WinPhone", "Xamarin.GpsDemo\Xamarin.GpsDemo.WinPhone\Xamarin.GpsDemo.WinPhone.csproj", "{991B9016-1941-4461-957D-E9D41A5896A0}"
EndProject
Project("{FAE04EC0-301F-11D3-BF4B-00C04F79EFBC}") = "Xamarin.GpsDemo.UWP", "Xamarin.GpsDemo\Xamarin.GpsDemo.UWP\Xamarin.GpsDemo.UWP.csproj", "{AA546E96-E98F-44BC-96A2-931C8188A17D}"
EndProject
Project("{FAE04EC0-301F-11D3-BF4B-00C04F79EFBC}") = "Xamarin.GpsDemo.Windows", "Xamarin.GpsDemo\Xamarin.GpsDemo.Windows\Xamarin.GpsDemo.Windows.csproj", "{4D0864FB-FFF5-4E2F-A278-988C98538BED}"
EndProject
Project("{FAE04EC0-301F-11D3-BF4B-00C04F79EFBC}") = "Xamarin.GpsDemo", "Xamarin.GpsDemo\Xamarin.GpsDemo\Xamarin.GpsDemo.csproj", "{92A9CB42-1898-4B60-B157-F09BA675D4C1}"
EndProject
Global
	GlobalSection(SolutionConfigurationPlatforms) = preSolution
		Ad-Hoc|Any CPU = Ad-Hoc|Any CPU
		Ad-Hoc|ARM = Ad-Hoc|ARM
		Ad-Hoc|iPhone = Ad-Hoc|iPhone
		Ad-Hoc|iPhoneSimulator = Ad-Hoc|iPhoneSimulator
		Ad-Hoc|x64 = Ad-Hoc|x64
		Ad-Hoc|x86 = Ad-Hoc|x86
		AppStore|Any CPU = AppStore|Any CPU
		AppStore|ARM = AppStore|ARM
		AppStore|iPhone = AppStore|iPhone
		AppStore|iPhoneSimulator = AppStore|iPhoneSimulator
		AppStore|x64 = AppStore|x64
		AppStore|x86 = AppStore|x86
		Debug|Any CPU = Debug|Any CPU
		Debug|ARM = Debug|ARM
		Debug|iPhone = Debug|iPhone
		Debug|iPhoneSimulator = Debug|iPhoneSimulator
		Debug|x64 = Debug|x64
		Debug|x86 = Debug|x86
		Release|Any CPU = Release|Any CPU
		Release|ARM = Release|ARM
		Release|iPhone = Release|iPhone
		Release|iPhoneSimulator = Release|iPhoneSimulator
		Release|x64 = Release|x64
		Release|x86 = Release|x86
	EndGlobalSection
	GlobalSection(ProjectConfigurationPlatforms) = postSolution
		{4D23BBF7-43B8-4A11-9FC6-C46E7FFF671B}.Ad-Hoc|Any CPU.ActiveCfg = Release|Any CPU
		{4D23BBF7-43B8-4A11-9FC6-C46E7FFF671B}.Ad-Hoc|Any CPU.Build.0 = Release|Any CPU
		{4D23BBF7-43B8-4A11-9FC6-C46E7FFF671B}.Ad-Hoc|Any CPU.Deploy.0 = Release|Any CPU
		{4D23BBF7-43B8-4A11-9FC6-C46E7FFF671B}.Ad-Hoc|ARM.ActiveCfg = Release|Any CPU
		{4D23BBF7-43B8-4A11-9FC6-C46E7FFF671B}.Ad-Hoc|ARM.Build.0 = Release|Any CPU
		{4D23BBF7-43B8-4A11-9FC6-C46E7FFF671B}.Ad-Hoc|ARM.Deploy.0 = Release|Any CPU
		{4D23BBF7-43B8-4A11-9FC6-C46E7FFF671B}.Ad-Hoc|iPhone.ActiveCfg = Release|Any CPU
		{4D23BBF7-43B8-4A11-9FC6-C46E7FFF671B}.Ad-Hoc|iPhone.Build.0 = Release|Any CPU
		{4D23BBF7-43B8-4A11-9FC6-C46E7FFF671B}.Ad-Hoc|iPhone.Deploy.0 = Release|Any CPU
		{4D23BBF7-43B8-4A11-9FC6-C46E7FFF671B}.Ad-Hoc|iPhoneSimulator.ActiveCfg = Release|Any CPU
		{4D23BBF7-43B8-4A11-9FC6-C46E7FFF671B}.Ad-Hoc|iPhoneSimulator.Build.0 = Release|Any CPU
		{4D23BBF7-43B8-4A11-9FC6-C46E7FFF671B}.Ad-Hoc|iPhoneSimulator.Deploy.0 = Release|Any CPU
		{4D23BBF7-43B8-4A11-9FC6-C46E7FFF671B}.Ad-Hoc|x64.ActiveCfg = Release|Any CPU
		{4D23BBF7-43B8-4A11-9FC6-C46E7FFF671B}.Ad-Hoc|x64.Build.0 = Release|Any CPU
		{4D23BBF7-43B8-4A11-9FC6-C46E7FFF671B}.Ad-Hoc|x64.Deploy.0 = Release|Any CPU
		{4D23BBF7-43B8-4A11-9FC6-C46E7FFF671B}.Ad-Hoc|x86.ActiveCfg = Release|Any CPU
		{4D23BBF7-43B8-4A11-9FC6-C46E7FFF671B}.Ad-Hoc|x86.Build.0 = Release|Any CPU
		{4D23BBF7-43B8-4A11-9FC6-C46E7FFF671B}.Ad-Hoc|x86.Deploy.0 = Release|Any CPU
		{4D23BBF7-43B8-4A11-9FC6-C46E7FFF671B}.AppStore|Any CPU.ActiveCfg = Release|Any CPU
		{4D23BBF7-43B8-4A11-9FC6-C46E7FFF671B}.AppStore|Any CPU.Build.0 = Release|Any CPU
		{4D23BBF7-43B8-4A11-9FC6-C46E7FFF671B}.AppStore|Any CPU.Deploy.0 = Release|Any CPU
		{4D23BBF7-43B8-4A11-9FC6-C46E7FFF671B}.AppStore|ARM.ActiveCfg = Release|Any CPU
		{4D23BBF7-43B8-4A11-9FC6-C46E7FFF671B}.AppStore|ARM.Build.0 = Release|Any CPU
		{4D23BBF7-43B8-4A11-9FC6-C46E7FFF671B}.AppStore|ARM.Deploy.0 = Release|Any CPU
		{4D23BBF7-43B8-4A11-9FC6-C46E7FFF671B}.AppStore|iPhone.ActiveCfg = Release|Any CPU
		{4D23BBF7-43B8-4A11-9FC6-C46E7FFF671B}.AppStore|iPhone.Build.0 = Release|Any CPU
		{4D23BBF7-43B8-4A11-9FC6-C46E7FFF671B}.AppStore|iPhone.Deploy.0 = Release|Any CPU
		{4D23BBF7-43B8-4A11-9FC6-C46E7FFF671B}.AppStore|iPhoneSimulator.ActiveCfg = Release|Any CPU
		{4D23BBF7-43B8-4A11-9FC6-C46E7FFF671B}.AppStore|iPhoneSimulator.Build.0 = Release|Any CPU
		{4D23BBF7-43B8-4A11-9FC6-C46E7FFF671B}.AppStore|iPhoneSimulator.Deploy.0 = Release|Any CPU
		{4D23BBF7-43B8-4A11-9FC6-C46E7FFF671B}.AppStore|x64.ActiveCfg = Release|Any CPU
		{4D23BBF7-43B8-4A11-9FC6-C46E7FFF671B}.AppStore|x64.Build.0 = Release|Any CPU
		{4D23BBF7-43B8-4A11-9FC6-C46E7FFF671B}.AppStore|x64.Deploy.0 = Release|Any CPU
		{4D23BBF7-43B8-4A11-9FC6-C46E7FFF671B}.AppStore|x86.ActiveCfg = Release|Any CPU
		{4D23BBF7-43B8-4A11-9FC6-C46E7FFF671B}.AppStore|x86.Build.0 = Release|Any CPU
		{4D23BBF7-43B8-4A11-9FC6-C46E7FFF671B}.AppStore|x86.Deploy.0 = Release|Any CPU
		{4D23BBF7-43B8-4A11-9FC6-C46E7FFF671B}.Debug|Any CPU.ActiveCfg = Debug|Any CPU
		{4D23BBF7-43B8-4A11-9FC6-C46E7FFF671B}.Debug|Any CPU.Build.0 = Debug|Any CPU
		{4D23BBF7-43B8-4A11-9FC6-C46E7FFF671B}.Debug|Any CPU.Deploy.0 = Debug|Any CPU
		{4D23BBF7-43B8-4A11-9FC6-C46E7FFF671B}.Debug|ARM.ActiveCfg = Debug|Any CPU
		{4D23BBF7-43B8-4A11-9FC6-C46E7FFF671B}.Debug|ARM.Build.0 = Debug|Any CPU
		{4D23BBF7-43B8-4A11-9FC6-C46E7FFF671B}.Debug|ARM.Deploy.0 = Debug|Any CPU
		{4D23BBF7-43B8-4A11-9FC6-C46E7FFF671B}.Debug|iPhone.ActiveCfg = Debug|Any CPU
		{4D23BBF7-43B8-4A11-9FC6-C46E7FFF671B}.Debug|iPhone.Build.0 = Debug|Any CPU
		{4D23BBF7-43B8-4A11-9FC6-C46E7FFF671B}.Debug|iPhone.Deploy.0 = Debug|Any CPU
		{4D23BBF7-43B8-4A11-9FC6-C46E7FFF671B}.Debug|iPhoneSimulator.ActiveCfg = Debug|Any CPU
		{4D23BBF7-43B8-4A11-9FC6-C46E7FFF671B}.Debug|iPhoneSimulator.Build.0 = Debug|Any CPU
		{4D23BBF7-43B8-4A11-9FC6-C46E7FFF671B}.Debug|iPhoneSimulator.Deploy.0 = Debug|Any CPU
		{4D23BBF7-43B8-4A11-9FC6-C46E7FFF671B}.Debug|x64.ActiveCfg = Debug|Any CPU
		{4D23BBF7-43B8-4A11-9FC6-C46E7FFF671B}.Debug|x64.Build.0 = Debug|Any CPU
		{4D23BBF7-43B8-4A11-9FC6-C46E7FFF671B}.Debug|x64.Deploy.0 = Debug|Any CPU
		{4D23BBF7-43B8-4A11-9FC6-C46E7FFF671B}.Debug|x86.ActiveCfg = Debug|Any CPU
		{4D23BBF7-43B8-4A11-9FC6-C46E7FFF671B}.Debug|x86.Build.0 = Debug|Any CPU
		{4D23BBF7-43B8-4A11-9FC6-C46E7FFF671B}.Debug|x86.Deploy.0 = Debug|Any CPU
		{4D23BBF7-43B8-4A11-9FC6-C46E7FFF671B}.Release|Any CPU.ActiveCfg = Release|Any CPU
		{4D23BBF7-43B8-4A11-9FC6-C46E7FFF671B}.Release|Any CPU.Build.0 = Release|Any CPU
		{4D23BBF7-43B8-4A11-9FC6-C46E7FFF671B}.Release|Any CPU.Deploy.0 = Release|Any CPU
		{4D23BBF7-43B8-4A11-9FC6-C46E7FFF671B}.Release|ARM.ActiveCfg = Release|Any CPU
		{4D23BBF7-43B8-4A11-9FC6-C46E7FFF671B}.Release|ARM.Build.0 = Release|Any CPU
		{4D23BBF7-43B8-4A11-9FC6-C46E7FFF671B}.Release|ARM.Deploy.0 = Release|Any CPU
		{4D23BBF7-43B8-4A11-9FC6-C46E7FFF671B}.Release|iPhone.ActiveCfg = Release|Any CPU
		{4D23BBF7-43B8-4A11-9FC6-C46E7FFF671B}.Release|iPhone.Build.0 = Release|Any CPU
		{4D23BBF7-43B8-4A11-9FC6-C46E7FFF671B}.Release|iPhone.Deploy.0 = Release|Any CPU
		{4D23BBF7-43B8-4A11-9FC6-C46E7FFF671B}.Release|iPhoneSimulator.ActiveCfg = Release|Any CPU
		{4D23BBF7-43B8-4A11-9FC6-C46E7FFF671B}.Release|iPhoneSimulator.Build.0 = Release|Any CPU
		{4D23BBF7-43B8-4A11-9FC6-C46E7FFF671B}.Release|iPhoneSimulator.Deploy.0 = Release|Any CPU
		{4D23BBF7-43B8-4A11-9FC6-C46E7FFF671B}.Release|x64.ActiveCfg = Release|Any CPU
		{4D23BBF7-43B8-4A11-9FC6-C46E7FFF671B}.Release|x64.Build.0 = Release|Any CPU
		{4D23BBF7-43B8-4A11-9FC6-C46E7FFF671B}.Release|x64.Deploy.0 = Release|Any CPU
		{4D23BBF7-43B8-4A11-9FC6-C46E7FFF671B}.Release|x86.ActiveCfg = Release|Any CPU
		{4D23BBF7-43B8-4A11-9FC6-C46E7FFF671B}.Release|x86.Build.0 = Release|Any CPU
		{4D23BBF7-43B8-4A11-9FC6-C46E7FFF671B}.Release|x86.Deploy.0 = Release|Any CPU
		{1E99C29F-DA43-4D6B-B92D-D91D7EA73372}.Ad-Hoc|Any CPU.ActiveCfg = Ad-Hoc|iPhone
		{1E99C29F-DA43-4D6B-B92D-D91D7EA73372}.Ad-Hoc|ARM.ActiveCfg = Ad-Hoc|iPhone
		{1E99C29F-DA43-4D6B-B92D-D91D7EA73372}.Ad-Hoc|iPhone.ActiveCfg = Ad-Hoc|iPhone
		{1E99C29F-DA43-4D6B-B92D-D91D7EA73372}.Ad-Hoc|iPhone.Build.0 = Ad-Hoc|iPhone
		{1E99C29F-DA43-4D6B-B92D-D91D7EA73372}.Ad-Hoc|iPhoneSimulator.ActiveCfg = Ad-Hoc|iPhoneSimulator
		{1E99C29F-DA43-4D6B-B92D-D91D7EA73372}.Ad-Hoc|iPhoneSimulator.Build.0 = Ad-Hoc|iPhoneSimulator
		{1E99C29F-DA43-4D6B-B92D-D91D7EA73372}.Ad-Hoc|x64.ActiveCfg = Ad-Hoc|iPhone
		{1E99C29F-DA43-4D6B-B92D-D91D7EA73372}.Ad-Hoc|x86.ActiveCfg = Ad-Hoc|iPhone
		{1E99C29F-DA43-4D6B-B92D-D91D7EA73372}.AppStore|Any CPU.ActiveCfg = AppStore|iPhone
		{1E99C29F-DA43-4D6B-B92D-D91D7EA73372}.AppStore|ARM.ActiveCfg = AppStore|iPhone
		{1E99C29F-DA43-4D6B-B92D-D91D7EA73372}.AppStore|iPhone.ActiveCfg = AppStore|iPhone
		{1E99C29F-DA43-4D6B-B92D-D91D7EA73372}.AppStore|iPhone.Build.0 = AppStore|iPhone
		{1E99C29F-DA43-4D6B-B92D-D91D7EA73372}.AppStore|iPhoneSimulator.ActiveCfg = AppStore|iPhoneSimulator
		{1E99C29F-DA43-4D6B-B92D-D91D7EA73372}.AppStore|iPhoneSimulator.Build.0 = AppStore|iPhoneSimulator
		{1E99C29F-DA43-4D6B-B92D-D91D7EA73372}.AppStore|x64.ActiveCfg = AppStore|iPhone
		{1E99C29F-DA43-4D6B-B92D-D91D7EA73372}.AppStore|x86.ActiveCfg = AppStore|iPhone
		{1E99C29F-DA43-4D6B-B92D-D91D7EA73372}.Debug|Any CPU.ActiveCfg = Debug|iPhone
		{1E99C29F-DA43-4D6B-B92D-D91D7EA73372}.Debug|ARM.ActiveCfg = Debug|iPhone
		{1E99C29F-DA43-4D6B-B92D-D91D7EA73372}.Debug|iPhone.ActiveCfg = Debug|iPhone
		{1E99C29F-DA43-4D6B-B92D-D91D7EA73372}.Debug|iPhone.Build.0 = Debug|iPhone
		{1E99C29F-DA43-4D6B-B92D-D91D7EA73372}.Debug|iPhoneSimulator.ActiveCfg = Debug|iPhoneSimulator
		{1E99C29F-DA43-4D6B-B92D-D91D7EA73372}.Debug|iPhoneSimulator.Build.0 = Debug|iPhoneSimulator
		{1E99C29F-DA43-4D6B-B92D-D91D7EA73372}.Debug|x64.ActiveCfg = Debug|iPhone
		{1E99C29F-DA43-4D6B-B92D-D91D7EA73372}.Debug|x86.ActiveCfg = Debug|iPhone
		{1E99C29F-DA43-4D6B-B92D-D91D7EA73372}.Release|Any CPU.ActiveCfg = Release|iPhone
		{1E99C29F-DA43-4D6B-B92D-D91D7EA73372}.Release|ARM.ActiveCfg = Release|iPhone
		{1E99C29F-DA43-4D6B-B92D-D91D7EA73372}.Release|iPhone.ActiveCfg = Release|iPhone
		{1E99C29F-DA43-4D6B-B92D-D91D7EA73372}.Release|iPhone.Build.0 = Release|iPhone
		{1E99C29F-DA43-4D6B-B92D-D91D7EA73372}.Release|iPhoneSimulator.ActiveCfg = Release|iPhoneSimulator
		{1E99C29F-DA43-4D6B-B92D-D91D7EA73372}.Release|iPhoneSimulator.Build.0 = Release|iPhoneSimulator
		{1E99C29F-DA43-4D6B-B92D-D91D7EA73372}.Release|x64.ActiveCfg = Release|iPhone
		{1E99C29F-DA43-4D6B-B92D-D91D7EA73372}.Release|x86.ActiveCfg = Release|iPhone
		{991B9016-1941-4461-957D-E9D41A5896A0}.Ad-Hoc|Any CPU.ActiveCfg = Release|Any CPU
		{991B9016-1941-4461-957D-E9D41A5896A0}.Ad-Hoc|Any CPU.Build.0 = Release|Any CPU
		{991B9016-1941-4461-957D-E9D41A5896A0}.Ad-Hoc|Any CPU.Deploy.0 = Release|Any CPU
		{991B9016-1941-4461-957D-E9D41A5896A0}.Ad-Hoc|ARM.ActiveCfg = Release|ARM
		{991B9016-1941-4461-957D-E9D41A5896A0}.Ad-Hoc|ARM.Build.0 = Release|ARM
		{991B9016-1941-4461-957D-E9D41A5896A0}.Ad-Hoc|ARM.Deploy.0 = Release|ARM
		{991B9016-1941-4461-957D-E9D41A5896A0}.Ad-Hoc|iPhone.ActiveCfg = Release|Any CPU
		{991B9016-1941-4461-957D-E9D41A5896A0}.Ad-Hoc|iPhone.Build.0 = Release|Any CPU
		{991B9016-1941-4461-957D-E9D41A5896A0}.Ad-Hoc|iPhone.Deploy.0 = Release|Any CPU
		{991B9016-1941-4461-957D-E9D41A5896A0}.Ad-Hoc|iPhoneSimulator.ActiveCfg = Release|Any CPU
		{991B9016-1941-4461-957D-E9D41A5896A0}.Ad-Hoc|iPhoneSimulator.Build.0 = Release|Any CPU
		{991B9016-1941-4461-957D-E9D41A5896A0}.Ad-Hoc|iPhoneSimulator.Deploy.0 = Release|Any CPU
		{991B9016-1941-4461-957D-E9D41A5896A0}.Ad-Hoc|x64.ActiveCfg = Release|Any CPU
		{991B9016-1941-4461-957D-E9D41A5896A0}.Ad-Hoc|x64.Build.0 = Release|Any CPU
		{991B9016-1941-4461-957D-E9D41A5896A0}.Ad-Hoc|x64.Deploy.0 = Release|Any CPU
		{991B9016-1941-4461-957D-E9D41A5896A0}.Ad-Hoc|x86.ActiveCfg = Release|x86
		{991B9016-1941-4461-957D-E9D41A5896A0}.Ad-Hoc|x86.Build.0 = Release|x86
		{991B9016-1941-4461-957D-E9D41A5896A0}.Ad-Hoc|x86.Deploy.0 = Release|x86
		{991B9016-1941-4461-957D-E9D41A5896A0}.AppStore|Any CPU.ActiveCfg = Release|Any CPU
		{991B9016-1941-4461-957D-E9D41A5896A0}.AppStore|Any CPU.Build.0 = Release|Any CPU
		{991B9016-1941-4461-957D-E9D41A5896A0}.AppStore|Any CPU.Deploy.0 = Release|Any CPU
		{991B9016-1941-4461-957D-E9D41A5896A0}.AppStore|ARM.ActiveCfg = Release|ARM
		{991B9016-1941-4461-957D-E9D41A5896A0}.AppStore|ARM.Build.0 = Release|ARM
		{991B9016-1941-4461-957D-E9D41A5896A0}.AppStore|ARM.Deploy.0 = Release|ARM
		{991B9016-1941-4461-957D-E9D41A5896A0}.AppStore|iPhone.ActiveCfg = Release|Any CPU
		{991B9016-1941-4461-957D-E9D41A5896A0}.AppStore|iPhone.Build.0 = Release|Any CPU
		{991B9016-1941-4461-957D-E9D41A5896A0}.AppStore|iPhone.Deploy.0 = Release|Any CPU
		{991B9016-1941-4461-957D-E9D41A5896A0}.AppStore|iPhoneSimulator.ActiveCfg = Release|Any CPU
		{991B9016-1941-4461-957D-E9D41A5896A0}.AppStore|iPhoneSimulator.Build.0 = Release|Any CPU
		{991B9016-1941-4461-957D-E9D41A5896A0}.AppStore|iPhoneSimulator.Deploy.0 = Release|Any CPU
		{991B9016-1941-4461-957D-E9D41A5896A0}.AppStore|x64.ActiveCfg = Release|Any CPU
		{991B9016-1941-4461-957D-E9D41A5896A0}.AppStore|x64.Build.0 = Release|Any CPU
		{991B9016-1941-4461-957D-E9D41A5896A0}.AppStore|x64.Deploy.0 = Release|Any CPU
		{991B9016-1941-4461-957D-E9D41A5896A0}.AppStore|x86.ActiveCfg = Release|x86
		{991B9016-1941-4461-957D-E9D41A5896A0}.AppStore|x86.Build.0 = Release|x86
		{991B9016-1941-4461-957D-E9D41A5896A0}.AppStore|x86.Deploy.0 = Release|x86
		{991B9016-1941-4461-957D-E9D41A5896A0}.Debug|Any CPU.ActiveCfg = Debug|Any CPU
		{991B9016-1941-4461-957D-E9D41A5896A0}.Debug|Any CPU.Build.0 = Debug|Any CPU
		{991B9016-1941-4461-957D-E9D41A5896A0}.Debug|Any CPU.Deploy.0 = Debug|Any CPU
		{991B9016-1941-4461-957D-E9D41A5896A0}.Debug|ARM.ActiveCfg = Debug|ARM
		{991B9016-1941-4461-957D-E9D41A5896A0}.Debug|ARM.Build.0 = Debug|ARM
		{991B9016-1941-4461-957D-E9D41A5896A0}.Debug|ARM.Deploy.0 = Debug|ARM
		{991B9016-1941-4461-957D-E9D41A5896A0}.Debug|iPhone.ActiveCfg = Debug|Any CPU
		{991B9016-1941-4461-957D-E9D41A5896A0}.Debug|iPhone.Build.0 = Debug|Any CPU
		{991B9016-1941-4461-957D-E9D41A5896A0}.Debug|iPhone.Deploy.0 = Debug|Any CPU
		{991B9016-1941-4461-957D-E9D41A5896A0}.Debug|iPhoneSimulator.ActiveCfg = Debug|Any CPU
		{991B9016-1941-4461-957D-E9D41A5896A0}.Debug|iPhoneSimulator.Build.0 = Debug|Any CPU
		{991B9016-1941-4461-957D-E9D41A5896A0}.Debug|iPhoneSimulator.Deploy.0 = Debug|Any CPU
		{991B9016-1941-4461-957D-E9D41A5896A0}.Debug|x64.ActiveCfg = Debug|Any CPU
		{991B9016-1941-4461-957D-E9D41A5896A0}.Debug|x64.Build.0 = Debug|Any CPU
		{991B9016-1941-4461-957D-E9D41A5896A0}.Debug|x64.Deploy.0 = Debug|Any CPU
		{991B9016-1941-4461-957D-E9D41A5896A0}.Debug|x86.ActiveCfg = Debug|x86
		{991B9016-1941-4461-957D-E9D41A5896A0}.Debug|x86.Build.0 = Debug|x86
		{991B9016-1941-4461-957D-E9D41A5896A0}.Debug|x86.Deploy.0 = Debug|x86
		{991B9016-1941-4461-957D-E9D41A5896A0}.Release|Any CPU.ActiveCfg = Release|Any CPU
		{991B9016-1941-4461-957D-E9D41A5896A0}.Release|Any CPU.Build.0 = Release|Any CPU
		{991B9016-1941-4461-957D-E9D41A5896A0}.Release|Any CPU.Deploy.0 = Release|Any CPU
		{991B9016-1941-4461-957D-E9D41A5896A0}.Release|ARM.ActiveCfg = Release|ARM
		{991B9016-1941-4461-957D-E9D41A5896A0}.Release|ARM.Build.0 = Release|ARM
		{991B9016-1941-4461-957D-E9D41A5896A0}.Release|ARM.Deploy.0 = Release|ARM
		{991B9016-1941-4461-957D-E9D41A5896A0}.Release|iPhone.ActiveCfg = Release|Any CPU
		{991B9016-1941-4461-957D-E9D41A5896A0}.Release|iPhone.Build.0 = Release|Any CPU
		{991B9016-1941-4461-957D-E9D41A5896A0}.Release|iPhone.Deploy.0 = Release|Any CPU
		{991B9016-1941-4461-957D-E9D41A5896A0}.Release|iPhoneSimulator.ActiveCfg = Release|Any CPU
		{991B9016-1941-4461-957D-E9D41A5896A0}.Release|iPhoneSimulator.Build.0 = Release|Any CPU
		{991B9016-1941-4461-957D-E9D41A5896A0}.Release|iPhoneSimulator.Deploy.0 = Release|Any CPU
		{991B9016-1941-4461-957D-E9D41A5896A0}.Release|x64.ActiveCfg = Release|Any CPU
		{991B9016-1941-4461-957D-E9D41A5896A0}.Release|x64.Build.0 = Release|Any CPU
		{991B9016-1941-4461-957D-E9D41A5896A0}.Release|x64.Deploy.0 = Release|Any CPU
		{991B9016-1941-4461-957D-E9D41A5896A0}.Release|x86.ActiveCfg = Release|x86
		{991B9016-1941-4461-957D-E9D41A5896A0}.Release|x86.Build.0 = Release|x86
		{991B9016-1941-4461-957D-E9D41A5896A0}.Release|x86.Deploy.0 = Release|x86
		{AA546E96-E98F-44BC-96A2-931C8188A17D}.Ad-Hoc|Any CPU.ActiveCfg = Release|x86
		{AA546E96-E98F-44BC-96A2-931C8188A17D}.Ad-Hoc|Any CPU.Build.0 = Release|x86
		{AA546E96-E98F-44BC-96A2-931C8188A17D}.Ad-Hoc|Any CPU.Deploy.0 = Release|x86
		{AA546E96-E98F-44BC-96A2-931C8188A17D}.Ad-Hoc|ARM.ActiveCfg = Release|ARM
		{AA546E96-E98F-44BC-96A2-931C8188A17D}.Ad-Hoc|ARM.Build.0 = Release|ARM
		{AA546E96-E98F-44BC-96A2-931C8188A17D}.Ad-Hoc|ARM.Deploy.0 = Release|ARM
		{AA546E96-E98F-44BC-96A2-931C8188A17D}.Ad-Hoc|iPhone.ActiveCfg = Release|x86
		{AA546E96-E98F-44BC-96A2-931C8188A17D}.Ad-Hoc|iPhone.Build.0 = Release|x86
		{AA546E96-E98F-44BC-96A2-931C8188A17D}.Ad-Hoc|iPhone.Deploy.0 = Release|x86
		{AA546E96-E98F-44BC-96A2-931C8188A17D}.Ad-Hoc|iPhoneSimulator.ActiveCfg = Release|x86
		{AA546E96-E98F-44BC-96A2-931C8188A17D}.Ad-Hoc|iPhoneSimulator.Build.0 = Release|x86
		{AA546E96-E98F-44BC-96A2-931C8188A17D}.Ad-Hoc|iPhoneSimulator.Deploy.0 = Release|x86
		{AA546E96-E98F-44BC-96A2-931C8188A17D}.Ad-Hoc|x64.ActiveCfg = Release|x64
		{AA546E96-E98F-44BC-96A2-931C8188A17D}.Ad-Hoc|x64.Build.0 = Release|x64
		{AA546E96-E98F-44BC-96A2-931C8188A17D}.Ad-Hoc|x64.Deploy.0 = Release|x64
		{AA546E96-E98F-44BC-96A2-931C8188A17D}.Ad-Hoc|x86.ActiveCfg = Release|x86
		{AA546E96-E98F-44BC-96A2-931C8188A17D}.Ad-Hoc|x86.Build.0 = Release|x86
		{AA546E96-E98F-44BC-96A2-931C8188A17D}.Ad-Hoc|x86.Deploy.0 = Release|x86
		{AA546E96-E98F-44BC-96A2-931C8188A17D}.AppStore|Any CPU.ActiveCfg = Release|x86
		{AA546E96-E98F-44BC-96A2-931C8188A17D}.AppStore|Any CPU.Build.0 = Release|x86
		{AA546E96-E98F-44BC-96A2-931C8188A17D}.AppStore|Any CPU.Deploy.0 = Release|x86
		{AA546E96-E98F-44BC-96A2-931C8188A17D}.AppStore|ARM.ActiveCfg = Release|ARM
		{AA546E96-E98F-44BC-96A2-931C8188A17D}.AppStore|ARM.Build.0 = Release|ARM
		{AA546E96-E98F-44BC-96A2-931C8188A17D}.AppStore|ARM.Deploy.0 = Release|ARM
		{AA546E96-E98F-44BC-96A2-931C8188A17D}.AppStore|iPhone.ActiveCfg = Release|x86
		{AA546E96-E98F-44BC-96A2-931C8188A17D}.AppStore|iPhone.Build.0 = Release|x86
		{AA546E96-E98F-44BC-96A2-931C8188A17D}.AppStore|iPhone.Deploy.0 = Release|x86
		{AA546E96-E98F-44BC-96A2-931C8188A17D}.AppStore|iPhoneSimulator.ActiveCfg = Release|x86
		{AA546E96-E98F-44BC-96A2-931C8188A17D}.AppStore|iPhoneSimulator.Build.0 = Release|x86
		{AA546E96-E98F-44BC-96A2-931C8188A17D}.AppStore|iPhoneSimulator.Deploy.0 = Release|x86
		{AA546E96-E98F-44BC-96A2-931C8188A17D}.AppStore|x64.ActiveCfg = Release|x64
		{AA546E96-E98F-44BC-96A2-931C8188A17D}.AppStore|x64.Build.0 = Release|x64
		{AA546E96-E98F-44BC-96A2-931C8188A17D}.AppStore|x64.Deploy.0 = Release|x64
		{AA546E96-E98F-44BC-96A2-931C8188A17D}.AppStore|x86.ActiveCfg = Release|x86
		{AA546E96-E98F-44BC-96A2-931C8188A17D}.AppStore|x86.Build.0 = Release|x86
		{AA546E96-E98F-44BC-96A2-931C8188A17D}.AppStore|x86.Deploy.0 = Release|x86
		{AA546E96-E98F-44BC-96A2-931C8188A17D}.Debug|Any CPU.ActiveCfg = Debug|x86
		{AA546E96-E98F-44BC-96A2-931C8188A17D}.Debug|ARM.ActiveCfg = Debug|ARM
		{AA546E96-E98F-44BC-96A2-931C8188A17D}.Debug|ARM.Build.0 = Debug|ARM
		{AA546E96-E98F-44BC-96A2-931C8188A17D}.Debug|ARM.Deploy.0 = Debug|ARM
		{AA546E96-E98F-44BC-96A2-931C8188A17D}.Debug|iPhone.ActiveCfg = Debug|x86
		{AA546E96-E98F-44BC-96A2-931C8188A17D}.Debug|iPhoneSimulator.ActiveCfg = Debug|x86
		{AA546E96-E98F-44BC-96A2-931C8188A17D}.Debug|x64.ActiveCfg = Debug|x64
		{AA546E96-E98F-44BC-96A2-931C8188A17D}.Debug|x64.Build.0 = Debug|x64
		{AA546E96-E98F-44BC-96A2-931C8188A17D}.Debug|x64.Deploy.0 = Debug|x64
		{AA546E96-E98F-44BC-96A2-931C8188A17D}.Debug|x86.ActiveCfg = Debug|x86
		{AA546E96-E98F-44BC-96A2-931C8188A17D}.Debug|x86.Build.0 = Debug|x86
		{AA546E96-E98F-44BC-96A2-931C8188A17D}.Debug|x86.Deploy.0 = Debug|x86
		{AA546E96-E98F-44BC-96A2-931C8188A17D}.Release|Any CPU.ActiveCfg = Release|x86
		{AA546E96-E98F-44BC-96A2-931C8188A17D}.Release|ARM.ActiveCfg = Release|ARM
		{AA546E96-E98F-44BC-96A2-931C8188A17D}.Release|ARM.Build.0 = Release|ARM
		{AA546E96-E98F-44BC-96A2-931C8188A17D}.Release|ARM.Deploy.0 = Release|ARM
		{AA546E96-E98F-44BC-96A2-931C8188A17D}.Release|iPhone.ActiveCfg = Release|x86
		{AA546E96-E98F-44BC-96A2-931C8188A17D}.Release|iPhoneSimulator.ActiveCfg = Release|x86
		{AA546E96-E98F-44BC-96A2-931C8188A17D}.Release|x64.ActiveCfg = Release|x64
		{AA546E96-E98F-44BC-96A2-931C8188A17D}.Release|x64.Build.0 = Release|x64
		{AA546E96-E98F-44BC-96A2-931C8188A17D}.Release|x64.Deploy.0 = Release|x64
		{AA546E96-E98F-44BC-96A2-931C8188A17D}.Release|x86.ActiveCfg = Release|x86
		{AA546E96-E98F-44BC-96A2-931C8188A17D}.Release|x86.Build.0 = Release|x86
		{AA546E96-E98F-44BC-96A2-931C8188A17D}.Release|x86.Deploy.0 = Release|x86
		{4D0864FB-FFF5-4E2F-A278-988C98538BED}.Ad-Hoc|Any CPU.ActiveCfg = Release|Any CPU
		{4D0864FB-FFF5-4E2F-A278-988C98538BED}.Ad-Hoc|Any CPU.Build.0 = Release|Any CPU
		{4D0864FB-FFF5-4E2F-A278-988C98538BED}.Ad-Hoc|Any CPU.Deploy.0 = Release|Any CPU
		{4D0864FB-FFF5-4E2F-A278-988C98538BED}.Ad-Hoc|ARM.ActiveCfg = Release|ARM
		{4D0864FB-FFF5-4E2F-A278-988C98538BED}.Ad-Hoc|ARM.Build.0 = Release|ARM
		{4D0864FB-FFF5-4E2F-A278-988C98538BED}.Ad-Hoc|ARM.Deploy.0 = Release|ARM
		{4D0864FB-FFF5-4E2F-A278-988C98538BED}.Ad-Hoc|iPhone.ActiveCfg = Release|Any CPU
		{4D0864FB-FFF5-4E2F-A278-988C98538BED}.Ad-Hoc|iPhone.Build.0 = Release|Any CPU
		{4D0864FB-FFF5-4E2F-A278-988C98538BED}.Ad-Hoc|iPhone.Deploy.0 = Release|Any CPU
		{4D0864FB-FFF5-4E2F-A278-988C98538BED}.Ad-Hoc|iPhoneSimulator.ActiveCfg = Release|Any CPU
		{4D0864FB-FFF5-4E2F-A278-988C98538BED}.Ad-Hoc|iPhoneSimulator.Build.0 = Release|Any CPU
		{4D0864FB-FFF5-4E2F-A278-988C98538BED}.Ad-Hoc|iPhoneSimulator.Deploy.0 = Release|Any CPU
		{4D0864FB-FFF5-4E2F-A278-988C98538BED}.Ad-Hoc|x64.ActiveCfg = Release|x64
		{4D0864FB-FFF5-4E2F-A278-988C98538BED}.Ad-Hoc|x64.Build.0 = Release|x64
		{4D0864FB-FFF5-4E2F-A278-988C98538BED}.Ad-Hoc|x64.Deploy.0 = Release|x64
		{4D0864FB-FFF5-4E2F-A278-988C98538BED}.Ad-Hoc|x86.ActiveCfg = Release|x86
		{4D0864FB-FFF5-4E2F-A278-988C98538BED}.Ad-Hoc|x86.Build.0 = Release|x86
		{4D0864FB-FFF5-4E2F-A278-988C98538BED}.Ad-Hoc|x86.Deploy.0 = Release|x86
		{4D0864FB-FFF5-4E2F-A278-988C98538BED}.AppStore|Any CPU.ActiveCfg = Release|Any CPU
		{4D0864FB-FFF5-4E2F-A278-988C98538BED}.AppStore|Any CPU.Build.0 = Release|Any CPU
		{4D0864FB-FFF5-4E2F-A278-988C98538BED}.AppStore|Any CPU.Deploy.0 = Release|Any CPU
		{4D0864FB-FFF5-4E2F-A278-988C98538BED}.AppStore|ARM.ActiveCfg = Release|ARM
		{4D0864FB-FFF5-4E2F-A278-988C98538BED}.AppStore|ARM.Build.0 = Release|ARM
		{4D0864FB-FFF5-4E2F-A278-988C98538BED}.AppStore|ARM.Deploy.0 = Release|ARM
		{4D0864FB-FFF5-4E2F-A278-988C98538BED}.AppStore|iPhone.ActiveCfg = Release|Any CPU
		{4D0864FB-FFF5-4E2F-A278-988C98538BED}.AppStore|iPhone.Build.0 = Release|Any CPU
		{4D0864FB-FFF5-4E2F-A278-988C98538BED}.AppStore|iPhone.Deploy.0 = Release|Any CPU
		{4D0864FB-FFF5-4E2F-A278-988C98538BED}.AppStore|iPhoneSimulator.ActiveCfg = Release|Any CPU
		{4D0864FB-FFF5-4E2F-A278-988C98538BED}.AppStore|iPhoneSimulator.Build.0 = Release|Any CPU
		{4D0864FB-FFF5-4E2F-A278-988C98538BED}.AppStore|iPhoneSimulator.Deploy.0 = Release|Any CPU
		{4D0864FB-FFF5-4E2F-A278-988C98538BED}.AppStore|x64.ActiveCfg = Release|x64
		{4D0864FB-FFF5-4E2F-A278-988C98538BED}.AppStore|x64.Build.0 = Release|x64
		{4D0864FB-FFF5-4E2F-A278-988C98538BED}.AppStore|x64.Deploy.0 = Release|x64
		{4D0864FB-FFF5-4E2F-A278-988C98538BED}.AppStore|x86.ActiveCfg = Release|x86
		{4D0864FB-FFF5-4E2F-A278-988C98538BED}.AppStore|x86.Build.0 = Release|x86
		{4D0864FB-FFF5-4E2F-A278-988C98538BED}.AppStore|x86.Deploy.0 = Release|x86
		{4D0864FB-FFF5-4E2F-A278-988C98538BED}.Debug|Any CPU.ActiveCfg = Debug|Any CPU
		{4D0864FB-FFF5-4E2F-A278-988C98538BED}.Debug|Any CPU.Build.0 = Debug|Any CPU
		{4D0864FB-FFF5-4E2F-A278-988C98538BED}.Debug|Any CPU.Deploy.0 = Debug|Any CPU
		{4D0864FB-FFF5-4E2F-A278-988C98538BED}.Debug|ARM.ActiveCfg = Debug|ARM
		{4D0864FB-FFF5-4E2F-A278-988C98538BED}.Debug|ARM.Build.0 = Debug|ARM
		{4D0864FB-FFF5-4E2F-A278-988C98538BED}.Debug|ARM.Deploy.0 = Debug|ARM
		{4D0864FB-FFF5-4E2F-A278-988C98538BED}.Debug|iPhone.ActiveCfg = Debug|Any CPU
		{4D0864FB-FFF5-4E2F-A278-988C98538BED}.Debug|iPhone.Build.0 = Debug|Any CPU
		{4D0864FB-FFF5-4E2F-A278-988C98538BED}.Debug|iPhone.Deploy.0 = Debug|Any CPU
		{4D0864FB-FFF5-4E2F-A278-988C98538BED}.Debug|iPhoneSimulator.ActiveCfg = Debug|Any CPU
		{4D0864FB-FFF5-4E2F-A278-988C98538BED}.Debug|iPhoneSimulator.Build.0 = Debug|Any CPU
		{4D0864FB-FFF5-4E2F-A278-988C98538BED}.Debug|iPhoneSimulator.Deploy.0 = Debug|Any CPU
		{4D0864FB-FFF5-4E2F-A278-988C98538BED}.Debug|x64.ActiveCfg = Debug|x64
		{4D0864FB-FFF5-4E2F-A278-988C98538BED}.Debug|x64.Build.0 = Debug|x64
		{4D0864FB-FFF5-4E2F-A278-988C98538BED}.Debug|x64.Deploy.0 = Debug|x64
		{4D0864FB-FFF5-4E2F-A278-988C98538BED}.Debug|x86.ActiveCfg = Debug|x86
		{4D0864FB-FFF5-4E2F-A278-988C98538BED}.Debug|x86.Build.0 = Debug|x86
		{4D0864FB-FFF5-4E2F-A278-988C98538BED}.Debug|x86.Deploy.0 = Debug|x86
		{4D0864FB-FFF5-4E2F-A278-988C98538BED}.Release|Any CPU.ActiveCfg = Release|Any CPU
		{4D0864FB-FFF5-4E2F-A278-988C98538BED}.Release|Any CPU.Build.0 = Release|Any CPU
		{4D0864FB-FFF5-4E2F-A278-988C98538BED}.Release|Any CPU.Deploy.0 = Release|Any CPU
		{4D0864FB-FFF5-4E2F-A278-988C98538BED}.Release|ARM.ActiveCfg = Release|ARM
		{4D0864FB-FFF5-4E2F-A278-988C98538BED}.Release|ARM.Build.0 = Release|ARM
		{4D0864FB-FFF5-4E2F-A278-988C98538BED}.Release|ARM.Deploy.0 = Release|ARM
		{4D0864FB-FFF5-4E2F-A278-988C98538BED}.Release|iPhone.ActiveCfg = Release|Any CPU
		{4D0864FB-FFF5-4E2F-A278-988C98538BED}.Release|iPhone.Build.0 = Release|Any CPU
		{4D0864FB-FFF5-4E2F-A278-988C98538BED}.Release|iPhone.Deploy.0 = Release|Any CPU
		{4D0864FB-FFF5-4E2F-A278-988C98538BED}.Release|iPhoneSimulator.ActiveCfg = Release|Any CPU
		{4D0864FB-FFF5-4E2F-A278-988C98538BED}.Release|iPhoneSimulator.Build.0 = Release|Any CPU
		{4D0864FB-FFF5-4E2F-A278-988C98538BED}.Release|iPhoneSimulator.Deploy.0 = Release|Any CPU
		{4D0864FB-FFF5-4E2F-A278-988C98538BED}.Release|x64.ActiveCfg = Release|x64
		{4D0864FB-FFF5-4E2F-A278-988C98538BED}.Release|x64.Build.0 = Release|x64
		{4D0864FB-FFF5-4E2F-A278-988C98538BED}.Release|x64.Deploy.0 = Release|x64
		{4D0864FB-FFF5-4E2F-A278-988C98538BED}.Release|x86.ActiveCfg = Release|x86
		{4D0864FB-FFF5-4E2F-A278-988C98538BED}.Release|x86.Build.0 = Release|x86
		{4D0864FB-FFF5-4E2F-A278-988C98538BED}.Release|x86.Deploy.0 = Release|x86
		{92A9CB42-1898-4B60-B157-F09BA675D4C1}.Ad-Hoc|Any CPU.ActiveCfg = Release|Any CPU
		{92A9CB42-1898-4B60-B157-F09BA675D4C1}.Ad-Hoc|Any CPU.Build.0 = Release|Any CPU
		{92A9CB42-1898-4B60-B157-F09BA675D4C1}.Ad-Hoc|ARM.ActiveCfg = Release|Any CPU
		{92A9CB42-1898-4B60-B157-F09BA675D4C1}.Ad-Hoc|ARM.Build.0 = Release|Any CPU
		{92A9CB42-1898-4B60-B157-F09BA675D4C1}.Ad-Hoc|iPhone.ActiveCfg = Release|Any CPU
		{92A9CB42-1898-4B60-B157-F09BA675D4C1}.Ad-Hoc|iPhone.Build.0 = Release|Any CPU
		{92A9CB42-1898-4B60-B157-F09BA675D4C1}.Ad-Hoc|iPhoneSimulator.ActiveCfg = Release|Any CPU
		{92A9CB42-1898-4B60-B157-F09BA675D4C1}.Ad-Hoc|iPhoneSimulator.Build.0 = Release|Any CPU
		{92A9CB42-1898-4B60-B157-F09BA675D4C1}.Ad-Hoc|x64.ActiveCfg = Release|Any CPU
		{92A9CB42-1898-4B60-B157-F09BA675D4C1}.Ad-Hoc|x64.Build.0 = Release|Any CPU
		{92A9CB42-1898-4B60-B157-F09BA675D4C1}.Ad-Hoc|x86.ActiveCfg = Release|Any CPU
		{92A9CB42-1898-4B60-B157-F09BA675D4C1}.Ad-Hoc|x86.Build.0 = Release|Any CPU
		{92A9CB42-1898-4B60-B157-F09BA675D4C1}.AppStore|Any CPU.ActiveCfg = Release|Any CPU
		{92A9CB42-1898-4B60-B157-F09BA675D4C1}.AppStore|Any CPU.Build.0 = Release|Any CPU
		{92A9CB42-1898-4B60-B157-F09BA675D4C1}.AppStore|ARM.ActiveCfg = Release|Any CPU
		{92A9CB42-1898-4B60-B157-F09BA675D4C1}.AppStore|ARM.Build.0 = Release|Any CPU
		{92A9CB42-1898-4B60-B157-F09BA675D4C1}.AppStore|iPhone.ActiveCfg = Release|Any CPU
		{92A9CB42-1898-4B60-B157-F09BA675D4C1}.AppStore|iPhone.Build.0 = Release|Any CPU
		{92A9CB42-1898-4B60-B157-F09BA675D4C1}.AppStore|iPhoneSimulator.ActiveCfg = Release|Any CPU
		{92A9CB42-1898-4B60-B157-F09BA675D4C1}.AppStore|iPhoneSimulator.Build.0 = Release|Any CPU
		{92A9CB42-1898-4B60-B157-F09BA675D4C1}.AppStore|x64.ActiveCfg = Release|Any CPU
		{92A9CB42-1898-4B60-B157-F09BA675D4C1}.AppStore|x64.Build.0 = Release|Any CPU
		{92A9CB42-1898-4B60-B157-F09BA675D4C1}.AppStore|x86.ActiveCfg = Release|Any CPU
		{92A9CB42-1898-4B60-B157-F09BA675D4C1}.AppStore|x86.Build.0 = Release|Any CPU
		{92A9CB42-1898-4B60-B157-F09BA675D4C1}.Debug|Any CPU.ActiveCfg = Debug|Any CPU
		{92A9CB42-1898-4B60-B157-F09BA675D4C1}.Debug|Any CPU.Build.0 = Debug|Any CPU
		{92A9CB42-1898-4B60-B157-F09BA675D4C1}.Debug|ARM.ActiveCfg = Debug|Any CPU
		{92A9CB42-1898-4B60-B157-F09BA675D4C1}.Debug|ARM.Build.0 = Debug|Any CPU
		{92A9CB42-1898-4B60-B157-F09BA675D4C1}.Debug|iPhone.ActiveCfg = Debug|Any CPU
		{92A9CB42-1898-4B60-B157-F09BA675D4C1}.Debug|iPhone.Build.0 = Debug|Any CPU
		{92A9CB42-1898-4B60-B157-F09BA675D4C1}.Debug|iPhoneSimulator.ActiveCfg = Debug|Any CPU
		{92A9CB42-1898-4B60-B157-F09BA675D4C1}.Debug|iPhoneSimulator.Build.0 = Debug|Any CPU
		{92A9CB42-1898-4B60-B157-F09BA675D4C1}.Debug|x64.ActiveCfg = Debug|Any CPU
		{92A9CB42-1898-4B60-B157-F09BA675D4C1}.Debug|x64.Build.0 = Debug|Any CPU
		{92A9CB42-1898-4B60-B157-F09BA675D4C1}.Debug|x86.ActiveCfg = Debug|Any CPU
		{92A9CB42-1898-4B60-B157-F09BA675D4C1}.Debug|x86.Build.0 = Debug|Any CPU
		{92A9CB42-1898-4B60-B157-F09BA675D4C1}.Release|Any CPU.ActiveCfg = Release|Any CPU
		{92A9CB42-1898-4B60-B157-F09BA675D4C1}.Release|Any CPU.Build.0 = Release|Any CPU
		{92A9CB42-1898-4B60-B157-F09BA675D4C1}.Release|ARM.ActiveCfg = Release|Any CPU
		{92A9CB42-1898-4B60-B157-F09BA675D4C1}.Release|ARM.Build.0 = Release|Any CPU
		{92A9CB42-1898-4B60-B157-F09BA675D4C1}.Release|iPhone.ActiveCfg = Release|Any CPU
		{92A9CB42-1898-4B60-B157-F09BA675D4C1}.Release|iPhone.Build.0 = Release|Any CPU
		{92A9CB42-1898-4B60-B157-F09BA675D4C1}.Release|iPhoneSimulator.ActiveCfg = Release|Any CPU
		{92A9CB42-1898-4B60-B157-F09BA675D4C1}.Release|iPhoneSimulator.Build.0 = Release|Any CPU
		{92A9CB42-1898-4B60-B157-F09BA675D4C1}.Release|x64.ActiveCfg = Release|Any CPU
		{92A9CB42-1898-4B60-B157-F09BA675D4C1}.Release|x64.Build.0 = Release|Any CPU
		{92A9CB42-1898-4B60-B157-F09BA675D4C1}.Release|x86.ActiveCfg = Release|Any CPU
		{92A9CB42-1898-4B60-B157-F09BA675D4C1}.Release|x86.Build.0 = Release|Any CPU
	EndGlobalSection
	GlobalSection(SolutionProperties) = preSolution
		HideSolutionNode = FALSE
	EndGlobalSection
EndGlobal
